# THIS IS AN AUTOGENERATED FILE. DO NOT EDIT THIS FILE DIRECTLY.
# yarn lockfile v1


"@ffprobe-installer/darwin-arm64@5.0.1":
  version "5.0.1"
  resolved "https://registry.yarnpkg.com/@ffprobe-installer/darwin-arm64/-/darwin-arm64-5.0.1.tgz#a020a623955d55aa8daf45cb668c3044876b553b"
  integrity sha512-vwNCNjokH8hfkbl6m95zICHwkSzhEvDC3GVBcUp5HX8+4wsX10SP3B+bGur7XUzTIZ4cQpgJmEIAx6TUwRepMg==

"@ffprobe-installer/darwin-x64@5.0.0":
  version "5.0.0"
  resolved "https://registry.yarnpkg.com/@ffprobe-installer/darwin-x64/-/darwin-x64-5.0.0.tgz#66116b642cb1759939f4f4b3b18b0aea5d7814b0"
  integrity sha512-Zl0UkZ+wW/eyMKBPLTUCcNQch2VDnZz/cBn1DXv3YtCBVbYd9aYzGj4MImdxgWcoE0+GpbfbO6mKGwMq5HCm6A==

"@ffprobe-installer/ffprobe@^1.4.1":
  version "1.4.1"
  resolved "https://registry.yarnpkg.com/@ffprobe-installer/ffprobe/-/ffprobe-1.4.1.tgz#64e46bb21580e3383b86ec79606222117acfac90"
  integrity sha512-3WJvxU0f4d7IOZdzoVCAj9fYtiQNC6E0521FJFe9iP5Ej8auTXU7TsrUzIAG1CydeQI+BnM3vGog92SCcF9KtA==
  optionalDependencies:
    "@ffprobe-installer/darwin-arm64" "5.0.1"
    "@ffprobe-installer/darwin-x64" "5.0.0"
    "@ffprobe-installer/linux-arm" "5.0.0"
    "@ffprobe-installer/linux-arm64" "5.0.0"
    "@ffprobe-installer/linux-ia32" "5.0.0"
    "@ffprobe-installer/linux-x64" "5.0.0"
    "@ffprobe-installer/win32-ia32" "5.0.0"
    "@ffprobe-installer/win32-x64" "5.0.0"

"@ffprobe-installer/linux-arm64@5.0.0":
  version "5.0.0"
  resolved "https://registry.yarnpkg.com/@ffprobe-installer/linux-arm64/-/linux-arm64-5.0.0.tgz#8e50c2ac0fa9f1ccaf553114c09cc9d2f9571de2"
  integrity sha512-IwFbzhe1UydR849YXLPP0RMpHgHXSuPO1kznaCHcU5FscFBV5gOZLkdD8e/xrcC8g/nhKqy0xMjn5kv6KkFQlQ==

"@ffprobe-installer/linux-arm@5.0.0":
  version "5.0.0"
  resolved "https://registry.yarnpkg.com/@ffprobe-installer/linux-arm/-/linux-arm-5.0.0.tgz#0a67b1610284e4be115da1656f150abc4706fe08"
  integrity sha512-mM1PPxP2UX5SUvhy0urcj5U8UolwbYgmnXA/eBWbW78k6N2Wk1COvcHYzOPs6c5yXXL6oshS2rZHU1kowigw7g==

"@ffprobe-installer/linux-ia32@5.0.0":
  version "5.0.0"
  resolved "https://registry.yarnpkg.com/@ffprobe-installer/linux-ia32/-/linux-ia32-5.0.0.tgz#38714de93ce3842887e51a8b0c9dab3297777dbb"
  integrity sha512-c3bWlWEDMST59SAZycVh0oyc2eNS/CxxeRjoNryGRgqcZX3EJWJJQL1rAXbpQOMLMi8to1RqnmMuwPJgLLjjUA==

"@ffprobe-installer/linux-x64@5.0.0":
  version "5.0.0"
  resolved "https://registry.yarnpkg.com/@ffprobe-installer/linux-x64/-/linux-x64-5.0.0.tgz#dc51a99acf74675035c02f59c4d73270ba3742f7"
  integrity sha512-zgLnWJFvMGCaw1txGtz84sMEQt6mQUzdw86ih9S/kZOWnp06Gj/ams/EXxEkAxgAACCVM6/O0mkDe/6biY5tgA==

"@ffprobe-installer/win32-ia32@5.0.0":
  version "5.0.0"
  resolved "https://registry.yarnpkg.com/@ffprobe-installer/win32-ia32/-/win32-ia32-5.0.0.tgz#77f5cfba1aa91e47255562d23a07432b3e087bb1"
  integrity sha512-NnDdAZD6ShFXzJeCkAFl2ZjAv7GcJWYudLA+0T/vjZwvskBop+sq1PGfdmVltfFDcdQiomoThRhn9Xiy9ZC71g==

"@ffprobe-installer/win32-x64@5.0.0":
  version "5.0.0"
  resolved "https://registry.yarnpkg.com/@ffprobe-installer/win32-x64/-/win32-x64-5.0.0.tgz#8ed741260b7db346c7bfe77d2fd9acbe3bd70d2f"
  integrity sha512-P4ZMRFxVMnfMsOyTfBM/+nkTodLeOUfXNPo+X1bKEWBiZxRErqX/IHS5sLA0yAH8XmtKZcL7Cu6M26ztGcQYxw==

"@sindresorhus/chunkify@^0.2.0":
  version "0.2.0"
  resolved "https://registry.yarnpkg.com/@sindresorhus/chunkify/-/chunkify-0.2.0.tgz#b3a7b881e8e63e343a99a1cbf662687f4268a4d8"
  integrity sha512-mOAiwqu+bIIkNFDCXFJxZEmF9p9WHfSBbpLLmgysYnNkEs7aA0/AvU9+6zLHFqI7JnqdqwAuWu8CbGwGIszRdw==

"@sindresorhus/df@^1.0.1":
  version "1.0.1"
  resolved "https://registry.yarnpkg.com/@sindresorhus/df/-/df-1.0.1.tgz#c69b66f52f6fcdd287c807df210305dbaf78500d"
  integrity sha512-1Hyp7NQnD/u4DSxR2DGW78TF9k7R0wZ8ev0BpMAIzA6yTQSHqNb5wTuvtcPYf4FWbVse2rW7RgDsyL8ua2vXHw==

"@sindresorhus/df@^3.1.1":
  version "3.1.1"
  resolved "https://registry.yarnpkg.com/@sindresorhus/df/-/df-3.1.1.tgz#94200f9277e4a7fdd35ce8ab8b6bc5b52b164d31"
  integrity sha512-SME/vtXaJcnQ/HpeV6P82Egy+jThn11IKfwW8+/XVoRD0rmPHVTeKMtww1oWdVnMykzVPjmrDN9S8NBndPEHCQ==
  dependencies:
    execa "^2.0.1"

"@stroncium/procfs@^1.2.1":
  version "1.2.1"
  resolved "https://registry.yarnpkg.com/@stroncium/procfs/-/procfs-1.2.1.tgz#6b9be6fd20fb0a4c20e99a8695e083c699bb2b45"
  integrity sha512-X1Iui3FUNZP18EUvysTHxt+Avu2nlVzyf90YM8OYgP6SGzTzzX/0JgObfO1AQQDzuZtNNz29bVh8h5R97JrjxA==

"@types/bytes@^3.1.1":
  version "3.1.1"
  resolved "https://registry.yarnpkg.com/@types/bytes/-/bytes-3.1.1.tgz#67a876422e660dc4c10a27f3e5bcfbd5455f01d0"
  integrity sha512-lOGyCnw+2JVPKU3wIV0srU0NyALwTBJlVSx5DfMQOFuuohA8y9S8orImpuIQikZ0uIQ8gehrRjxgQC1rLRi11w==

"@types/node@^18.11.9":
  version "18.11.9"
  resolved "https://registry.yarnpkg.com/@types/node/-/node-18.11.9.tgz#02d013de7058cea16d36168ef2fc653464cfbad4"
  integrity sha512-CRpX21/kGdzjOpFsZSkcrXMGIBWMGNIHXXBVFSH+ggkftxg+XYP20TESbh+zFvFj3EQOl5byk0HTRn1IL6hbqg==

aggregate-error@^4.0.0:
  version "4.0.1"
  resolved "https://registry.yarnpkg.com/aggregate-error/-/aggregate-error-4.0.1.tgz#25091fe1573b9e0be892aeda15c7c66a545f758e"
  integrity sha512-0poP0T7el6Vq3rstR8Mn4V/IQrpBLO6POkUSrN7RhyY+GF/InCFShQzsQ39T25gkHhLgSLByyAz+Kjb+c2L98w==
  dependencies:
    clean-stack "^4.0.0"
    indent-string "^5.0.0"

array-union@^1.0.1:
  version "1.0.2"
  resolved "https://registry.yarnpkg.com/array-union/-/array-union-1.0.2.tgz#9a34410e4f4e3da23dea375be5be70f24778ec39"
  integrity sha512-Dxr6QJj/RdU/hCaBjOfxW+q6lyuVE6JFWIrAUpuOOhoJJoQ99cUn3igRaHVB5P9WrgFVN0FfArM3x0cueOU8ng==
  dependencies:
    array-uniq "^1.0.1"

array-uniq@^1.0.1:
  version "1.0.3"
  resolved "https://registry.yarnpkg.com/array-uniq/-/array-uniq-1.0.3.tgz#af6ac877a25cc7f74e058894753858dfdb24fdb6"
  integrity sha512-MNha4BWQ6JbwhFhj03YK552f7cb3AzoE8SzeljgChvL1dl3IcvggXVz1DilzySZkCja+CXuZbdW7yATchWn8/Q==

balanced-match@^1.0.0:
  version "1.0.2"
  resolved "https://registry.yarnpkg.com/balanced-match/-/balanced-match-1.0.2.tgz#e83e3a7e3f300b34cb9d87f615fa0cbf357690ee"
  integrity sha512-3oSeUO0TMV67hN1AmbXsK4yaqU7tjiHlbxRDZOpH0KW9+CeX4bRAaX0Anxt0tx2MrpRpWwQaPwIlISEJhYU5Pw==

brace-expansion@^1.1.7:
  version "1.1.11"
  resolved "https://registry.yarnpkg.com/brace-expansion/-/brace-expansion-1.1.11.tgz#3c7fcbf529d87226f3d2f52b966ff5271eb441dd"
  integrity sha512-iCuPHDFgrHX7H2vEI/5xpz07zSHB00TpugqhmYtVmMO6518mCuRMoOYFldEBl0g187ufozdaHgWKcYFb61qGiA==
  dependencies:
    balanced-match "^1.0.0"
    concat-map "0.0.1"

bytes@^3.1.2:
  version "3.1.2"
  resolved "https://registry.yarnpkg.com/bytes/-/bytes-3.1.2.tgz#8b0beeb98605adf1b128fa4386403c009e0221a5"
  integrity sha512-/Nf7TyzTx6S3yRJObOAV7956r8cr2+Oj8AC5dt8wSP3BQAoeX58NoHyCU8P8zGkNXStjTSi6fzO6F0pBdcYbEg==

child_process@^1.0.2:
  version "1.0.2"
  resolved "https://registry.yarnpkg.com/child_process/-/child_process-1.0.2.tgz#b1f7e7fc73d25e7fd1d455adc94e143830182b5a"
  integrity sha512-Wmza/JzL0SiWz7kl6MhIKT5ceIlnFPJX+lwUGj7Clhy5MMldsSoJR0+uvRzOS5Kv45Mq7t1PoE8TsOA9bzvb6g==

clean-stack@^4.0.0:
  version "4.2.0"
  resolved "https://registry.yarnpkg.com/clean-stack/-/clean-stack-4.2.0.tgz#c464e4cde4ac789f4e0735c5d75beb49d7b30b31"
  integrity sha512-LYv6XPxoyODi36Dp976riBtSY27VmFo+MKqEU9QCCWyTrdEPDog+RWA7xQWHi6Vbp61j5c4cdzzX1NidnwtUWg==
  dependencies:
    escape-string-regexp "5.0.0"

colors@^1.4.0:
  version "1.4.0"
  resolved "https://registry.yarnpkg.com/colors/-/colors-1.4.0.tgz#c50491479d4c1bdaed2c9ced32cf7c7dc2360f78"
  integrity sha512-a+UqTh4kgZg/SlGvfbzDHpgRu7AAQOmmqRHJnxhRZICKFUT91brVhNNt58CMWU9PsBbv3PDCZUHbVxuDiH2mtA==

concat-map@0.0.1:
  version "0.0.1"
  resolved "https://registry.yarnpkg.com/concat-map/-/concat-map-0.0.1.tgz#d8a96bd77fd68df7793a73036a3ba0d5405d477b"
  integrity sha512-/Srv4dswyQNBfohGpz9o6Yb3Gz3SrUDqBH5rTuhGR7ahtlbYKnVxw2bCFMRljaA7EXHaXZ8wsHdodFvbkhKmqg==

cross-spawn@^7.0.0, cross-spawn@^7.0.3:
  version "7.0.3"
  resolved "https://registry.yarnpkg.com/cross-spawn/-/cross-spawn-7.0.3.tgz#f73a85b9d5d41d045551c177e2882d4ac85728a6"
  integrity sha512-iRDPJKUPVEND7dHPO8rkbOnPpyDygcDFtWjpeWNCgy8WP2rXcxXL8TskReQl6OrB2G7+UJrags1q15Fudc7G6w==
  dependencies:
    path-key "^3.1.0"
    shebang-command "^2.0.0"
    which "^2.0.1"

dir-glob@^2.0.0:
  version "2.2.2"
  resolved "https://registry.yarnpkg.com/dir-glob/-/dir-glob-2.2.2.tgz#fa09f0694153c8918b18ba0deafae94769fc50c4"
  integrity sha512-f9LBi5QWzIW3I6e//uxZoLBlUt9kcp66qo0sSCxL6YZKc75R1c4MFCoe/LaZiBGmgujvQdxc5Bn3QhfyvK5Hsw==
  dependencies:
    path-type "^3.0.0"

dom-walk@^0.1.0:
  version "0.1.2"
  resolved "https://registry.yarnpkg.com/dom-walk/-/dom-walk-0.1.2.tgz#0c548bef048f4d1f2a97249002236060daa3fd84"
  integrity sha512-6QvTW9mrGeIegrFXdtQi9pk7O/nSK6lSdXW2eqUspN5LWD7UTji2Fqw5V2YLjBpHEoU9Xl/eUWNpDeZvoyOv2w==

end-of-stream@^1.1.0:
  version "1.4.4"
  resolved "https://registry.yarnpkg.com/end-of-stream/-/end-of-stream-1.4.4.tgz#5ae64a5f45057baf3626ec14da0ca5e4b2431eb0"
  integrity sha512-+uw1inIHVPQoaVuHzRyXd21icM+cnt4CzD5rW+NC1wjOUSTOs+Te7FOv7AhN7vS9x/oIyhLP5PR1H+phQAHu5Q==
  dependencies:
    once "^1.4.0"

escape-string-regexp@5.0.0:
  version "5.0.0"
  resolved "https://registry.yarnpkg.com/escape-string-regexp/-/escape-string-regexp-5.0.0.tgz#4683126b500b61762f2dbebace1806e8be31b1c8"
  integrity sha512-/veY75JbMK4j1yjvuUxuVsiS/hr/4iHs9FTT6cgTexxdE0Ly/glccBAkloH/DofkjRbZU3bnoj38mOmhkZ0lHw==

execa@^2.0.1:
  version "2.1.0"
  resolved "https://registry.yarnpkg.com/execa/-/execa-2.1.0.tgz#e5d3ecd837d2a60ec50f3da78fd39767747bbe99"
  integrity sha512-Y/URAVapfbYy2Xp/gb6A0E7iR8xeqOCXsuuaoMn7A5PzrXUK84E1gyiEfq0wQd/GHA6GsoHWwhNq8anb0mleIw==
  dependencies:
    cross-spawn "^7.0.0"
    get-stream "^5.0.0"
    is-stream "^2.0.0"
    merge-stream "^2.0.0"
    npm-run-path "^3.0.0"
    onetime "^5.1.0"
    p-finally "^2.0.0"
    signal-exit "^3.0.2"
    strip-final-newline "^2.0.0"

execa@^5.0.0:
  version "5.1.1"
  resolved "https://registry.yarnpkg.com/execa/-/execa-5.1.1.tgz#f80ad9cbf4298f7bd1d4c9555c21e93741c411dd"
  integrity sha512-8uSpZZocAZRBAPIEINJj3Lo9HyGitllczc27Eh5YYojjMFMn8yHMDMaUHE2Jqfq05D/wucwI4JGURyXt1vchyg==
  dependencies:
    cross-spawn "^7.0.3"
    get-stream "^6.0.0"
    human-signals "^2.1.0"
    is-stream "^2.0.0"
    merge-stream "^2.0.0"
    npm-run-path "^4.0.1"
    onetime "^5.1.2"
    signal-exit "^3.0.3"
    strip-final-newline "^2.0.0"

fs.realpath@^1.0.0:
  version "1.0.0"
  resolved "https://registry.yarnpkg.com/fs.realpath/-/fs.realpath-1.0.0.tgz#1504ad2523158caa40db4a2787cb01411994ea4f"
  integrity sha512-OO0pH2lK6a0hZnAdau5ItzHPI6pUlvI7jMVnxUQRtw4owF2wk8lOSabtGDCTP4Ggrg2MbGnWO9X8K1t4+fGMDw==

fs@^0.0.1-security:
  version "0.0.1-security"
  resolved "https://registry.yarnpkg.com/fs/-/fs-0.0.1-security.tgz#8a7bd37186b6dddf3813f23858b57ecaaf5e41d4"
  integrity sha512-3XY9e1pP0CVEUCdj5BmfIZxRBTSDycnbqhIOGec9QYtmVH2fbLpj86CFWkrNOkt/Fvty4KZG5lTglL9j/gJ87w==

get-stream@^5.0.0:
  version "5.2.0"
  resolved "https://registry.yarnpkg.com/get-stream/-/get-stream-5.2.0.tgz#4966a1795ee5ace65e706c4b7beb71257d6e22d3"
  integrity sha512-nBF+F1rAZVCu/p7rjzgA+Yb4lfYXrpl7a6VmJrU8wF9I1CKvP/QwPNZHnOlwbTkY6dvtFIzFMSyQXbLoTQPRpA==
  dependencies:
    pump "^3.0.0"

get-stream@^6.0.0:
  version "6.0.1"
  resolved "https://registry.yarnpkg.com/get-stream/-/get-stream-6.0.1.tgz#a262d8eef67aced57c2852ad6167526a43cbf7b7"
  integrity sha512-ts6Wi+2j3jQjqi70w5AlN8DFnkSwC+MqmxEzdEALB2qXZYV3X/b1CTfgPLGJNMeAWxdPfU8FO1ms3NUfaHCPYg==

get-video-duration@^4.1.0:
  version "4.1.0"
  resolved "https://registry.yarnpkg.com/get-video-duration/-/get-video-duration-4.1.0.tgz#3ba2102f9e16fe91571e8d3b508867ce31e23221"
  integrity sha512-kDmnD/C/WFHmZx7eV2duUNCwAH6w9YwpigiUHmq7cRNmxuTvcJ/otvcxa4A5GDus2iSZ+CZEA5e0va/r5ZWumw==
  dependencies:
    "@ffprobe-installer/ffprobe" "^1.4.1"
    execa "^5.0.0"
    is-stream "^2.0.0"

glob@^7.1.2:
  version "7.2.3"
  resolved "https://registry.yarnpkg.com/glob/-/glob-7.2.3.tgz#b8df0fb802bbfa8e89bd1d938b4e16578ed44f2b"
  integrity sha512-nFR0zLpU2YCaRxwoCJvL6UvCH2JFyFVIvwTLsIf21AuHlMskA1hhTdk+LlYJtOlYt9v6dvszD2BGRqBL+iQK9Q==
  dependencies:
    fs.realpath "^1.0.0"
    inflight "^1.0.4"
    inherits "2"
    minimatch "^3.1.1"
    once "^1.3.0"
    path-is-absolute "^1.0.0"

global@^4.4.0:
  version "4.4.0"
  resolved "https://registry.yarnpkg.com/global/-/global-4.4.0.tgz#3e7b105179006a323ed71aafca3e9c57a5cc6406"
  integrity sha512-wv/LAoHdRE3BeTGz53FAamhGlPLhlssK45usmGFThIi4XqnBmjKQ16u+RNbP7WvigRZDxUsM0J3gcQ5yicaL0w==
  dependencies:
    min-document "^2.19.0"
    process "^0.11.10"

globby@^7.1.1:
  version "7.1.1"
  resolved "https://registry.yarnpkg.com/globby/-/globby-7.1.1.tgz#fb2ccff9401f8600945dfada97440cca972b8680"
  integrity sha512-yANWAN2DUcBtuus5Cpd+SKROzXHs2iVXFZt/Ykrfz6SAXqacLX25NZpltE+39ceMexYF4TtEadjuSTw8+3wX4g==
  dependencies:
    array-union "^1.0.1"
    dir-glob "^2.0.0"
    glob "^7.1.2"
    ignore "^3.3.5"
    pify "^3.0.0"
    slash "^1.0.0"

human-signals@^2.1.0:
  version "2.1.0"
  resolved "https://registry.yarnpkg.com/human-signals/-/human-signals-2.1.0.tgz#dc91fcba42e4d06e4abaed33b3e7a3c02f514ea0"
  integrity sha512-B4FFZ6q/T2jhhksgkbEW3HBvWIfDW85snkQgawt07S7J5QXTk6BkNV+0yAeZrM5QpMAdYlocGoljn0sJ/WQkFw==

ignore@^3.3.5:
  version "3.3.10"
  resolved "https://registry.yarnpkg.com/ignore/-/ignore-3.3.10.tgz#0a97fb876986e8081c631160f8f9f389157f0043"
  integrity sha512-Pgs951kaMm5GXP7MOvxERINe3gsaVjUWFm+UZPSq9xYriQAksyhg0csnS0KXSNRD5NmNdapXEpjxG49+AKh/ug==

indent-string@^5.0.0:
  version "5.0.0"
  resolved "https://registry.yarnpkg.com/indent-string/-/indent-string-5.0.0.tgz#4fd2980fccaf8622d14c64d694f4cf33c81951a5"
  integrity sha512-m6FAo/spmsW2Ab2fU35JTYwtOKa2yAwXSwgjSv1TJzh4Mh7mC3lzAOVLBprb72XsTrgkEIsl7YrFNAiDiRhIGg==

inflight@^1.0.4:
  version "1.0.6"
  resolved "https://registry.yarnpkg.com/inflight/-/inflight-1.0.6.tgz#49bd6331d7d02d0c09bc910a1075ba8165b56df9"
  integrity sha512-k92I/b08q4wvFscXCLvqfsHCrjrF7yiXsQuIVvVE7N82W3+aqpzuUdBbfhWcy/FZR3/4IgflMgKLOsvPDrGCJA==
  dependencies:
    once "^1.3.0"
    wrappy "1"

inherits@2:
  version "2.0.4"
  resolved "https://registry.yarnpkg.com/inherits/-/inherits-2.0.4.tgz#0fa2c64f932917c3433a0ded55363aae37416b7c"
  integrity sha512-k/vGaX4/Yla3WzyMCvTQOXYeIHvqOKtnqBduzTHpzpQZzAskKMhZ2K+EnBiSM9zGSoIFeMpXKxa4dYeZIQqewQ==

inherits@2.0.3:
  version "2.0.3"
  resolved "https://registry.yarnpkg.com/inherits/-/inherits-2.0.3.tgz#633c2c83e3da42a502f52466022480f4208261de"
  integrity sha512-x00IRNXNy63jwGkJmzPigoySHbaqpNuzKbBOmzK+g2OdZpQ9w+sxCN+VSB3ja7IAge2OP2qpfxTjeNcyjmW1uw==

is-path-inside@^4.0.0:
  version "4.0.0"
  resolved "https://registry.yarnpkg.com/is-path-inside/-/is-path-inside-4.0.0.tgz#805aeb62c47c1b12fc3fd13bfb3ed1e7430071db"
  integrity sha512-lJJV/5dYS+RcL8uQdBDW9c9uWFLLBNRyFhnAKXw5tVqLlKZ4RMGZKv+YQ/IA3OhD+RpbJa1LLFM1FQPGyIXvOA==

is-stream@^2.0.0:
  version "2.0.1"
  resolved "https://registry.yarnpkg.com/is-stream/-/is-stream-2.0.1.tgz#fac1e3d53b97ad5a9d0ae9cef2389f5810a5c077"
  integrity sha512-hFoiJiTl63nn+kstHGBtewWSKnQLpyb155KHheA1l39uvtO9nWIop1p3udqPcUd/xbF1VLMO4n7OI6p7RbngDg==

isexe@^2.0.0:
  version "2.0.0"
  resolved "https://registry.yarnpkg.com/isexe/-/isexe-2.0.0.tgz#e8fbf374dc556ff8947a10dcb0572d633f2cfa10"
  integrity sha512-RHxMLp9lnKHGHRng9QFhRCMbYAcVpn69smSGcq3f36xjgVVWThj4qqLbTLlq7Ssj8B+fIQ1EuCEGI2lKsyQeIw==

merge-stream@^2.0.0:
  version "2.0.0"
  resolved "https://registry.yarnpkg.com/merge-stream/-/merge-stream-2.0.0.tgz#52823629a14dd00c9770fb6ad47dc6310f2c1f60"
  integrity sha512-abv/qOcuPfk3URPfDzmZU1LKmuw8kT+0nIHvKrKgFrwifol/doWcdA4ZqsWQ8ENrFKkd67Mfpo/LovbIUsbt3w==

mimic-fn@^2.1.0:
  version "2.1.0"
  resolved "https://registry.yarnpkg.com/mimic-fn/-/mimic-fn-2.1.0.tgz#7ed2c2ccccaf84d3ffcb7a69b57711fc2083401b"
  integrity sha512-OqbOk5oEQeAZ8WXWydlu9HJjz9WVdEIvamMCcXmuqUYjTknH/sqsWvhQ3vgwKFRR1HpjvNBKQ37nbJgYzGqGcg==

min-document@^2.19.0:
  version "2.19.0"
  resolved "https://registry.yarnpkg.com/min-document/-/min-document-2.19.0.tgz#7bd282e3f5842ed295bb748cdd9f1ffa2c824685"
  integrity sha512-9Wy1B3m3f66bPPmU5hdA4DR4PB2OfDU/+GS3yAB7IQozE3tqXaVv2zOjgla7MEGSRv95+ILmOuvhLkOK6wJtCQ==
  dependencies:
    dom-walk "^0.1.0"

minimatch@^3.1.1:
  version "3.1.2"
  resolved "https://registry.yarnpkg.com/minimatch/-/minimatch-3.1.2.tgz#19cd194bfd3e428f049a70817c038d89ab4be35b"
  integrity sha512-J7p63hRiAjw1NDEww1W7i37+ByIrOWO5XQQAzZ3VOcL0PNybwpfmV/N05zFAzwQ9USyEcX6t3UO+K5aqBQOIHw==
  dependencies:
    brace-expansion "^1.1.7"

mount-point@^3.0.0:
  version "3.0.0"
  resolved "https://registry.yarnpkg.com/mount-point/-/mount-point-3.0.0.tgz#665cb9edebe80d110e658db56c31d0aef51a8f97"
  integrity sha512-jAhfD7ZCG+dbESZjcY1SdFVFqSJkh/yGbdsifHcPkvuLRO5ugK0Ssmd9jdATu29BTd4JiN+vkpMzVvsUgP3SZA==
  dependencies:
    "@sindresorhus/df" "^1.0.1"
    pify "^2.3.0"
    pinkie-promise "^2.0.1"

move-file@^3.0.0:
  version "3.0.0"
  resolved "https://registry.yarnpkg.com/move-file/-/move-file-3.0.0.tgz#b2da5d7b4627e61ff5408841e81312143fa58a64"
  integrity sha512-v6u4XjX3MFW6Jo1V/YfbhC7eiGSgvYPJ/NM+aGtTtB9/Y6IYj7YViaHu6dkgDsZFB7MbnAoSI5+Z26XZXnP0vg==
  dependencies:
    path-exists "^5.0.0"

npm-run-path@^3.0.0:
  version "3.1.0"
  resolved "https://registry.yarnpkg.com/npm-run-path/-/npm-run-path-3.1.0.tgz#7f91be317f6a466efed3c9f2980ad8a4ee8b0fa5"
  integrity sha512-Dbl4A/VfiVGLgQv29URL9xshU8XDY1GeLy+fsaZ1AA8JDSfjvr5P5+pzRbWqRSBxk6/DW7MIh8lTM/PaGnP2kg==
  dependencies:
    path-key "^3.0.0"

npm-run-path@^4.0.1:
  version "4.0.1"
  resolved "https://registry.yarnpkg.com/npm-run-path/-/npm-run-path-4.0.1.tgz#b7ecd1e5ed53da8e37a55e1c2269e0b97ed748ea"
  integrity sha512-S48WzZW777zhNIrn7gxOlISNAqi9ZC/uQFnRdbeIHhZhCA6UqpkOT8T1G7BvfdgP4Er8gF4sUbaS0i7QvIfCWw==
  dependencies:
    path-key "^3.0.0"

once@^1.3.0, once@^1.3.1, once@^1.4.0:
  version "1.4.0"
  resolved "https://registry.yarnpkg.com/once/-/once-1.4.0.tgz#583b1aa775961d4b113ac17d9c50baef9dd76bd1"
  integrity sha512-lNaJgI+2Q5URQBkccEKHTQOPaXdUxnZZElQTZY0MFUAuaEqe1E+Nyvgdz/aIyNi6Z9MzO5dv1H8n58/GELp3+w==
  dependencies:
    wrappy "1"

onetime@^5.1.0, onetime@^5.1.2:
  version "5.1.2"
  resolved "https://registry.yarnpkg.com/onetime/-/onetime-5.1.2.tgz#d0e96ebb56b07476df1dd9c4806e5237985ca45e"
  integrity sha512-kbpaSSGJTWdAY5KPVeMOKXSrPtr8C8C7wodJbcsd51jRnmD+GZu8Y0VoU6Dm5Z4vWr0Ig/1NKuWRKf7j5aaYSg==
  dependencies:
    mimic-fn "^2.1.0"

os-homedir@^1.0.0:
  version "1.0.2"
  resolved "https://registry.yarnpkg.com/os-homedir/-/os-homedir-1.0.2.tgz#ffbc4988336e0e833de0c168c7ef152121aa7fb3"
  integrity sha512-B5JU3cabzk8c67mRRd3ECmROafjYMXbuzlwtqdM8IbS8ktlTix8aFGb2bAGKrSRIlnfKwovGUUr72JUPyOb6kQ==

p-finally@^2.0.0:
  version "2.0.1"
  resolved "https://registry.yarnpkg.com/p-finally/-/p-finally-2.0.1.tgz#bd6fcaa9c559a096b680806f4d657b3f0f240561"
  integrity sha512-vpm09aKwq6H9phqRQzecoDpD8TmVyGw70qmWlyq5onxY7tqyTTFVvxMykxQSQKILBSFlbXpypIw2T1Ml7+DDtw==

p-map@^5.1.0:
  version "5.5.0"
  resolved "https://registry.yarnpkg.com/p-map/-/p-map-5.5.0.tgz#054ca8ca778dfa4cf3f8db6638ccb5b937266715"
  integrity sha512-VFqfGDHlx87K66yZrNdI4YGtD70IRyd+zSvgks6mzHPRNkoKy+9EKP4SFC77/vTTQYmRmti7dvqC+m5jBrBAcg==
  dependencies:
    aggregate-error "^4.0.0"

path-exists@^5.0.0:
  version "5.0.0"
  resolved "https://registry.yarnpkg.com/path-exists/-/path-exists-5.0.0.tgz#a6aad9489200b21fab31e49cf09277e5116fb9e7"
  integrity sha512-RjhtfwJOxzcFmNOi6ltcbcu4Iu+FL3zEj83dk4kAS+fVpTxXLO1b38RvJgT/0QwvV/L3aY9TAnyv0EOqW4GoMQ==

path-is-absolute@^1.0.0:
  version "1.0.1"
  resolved "https://registry.yarnpkg.com/path-is-absolute/-/path-is-absolute-1.0.1.tgz#174b9268735534ffbc7ace6bf53a5a9e1b5c5f5f"
  integrity sha512-AVbw3UJ2e9bq64vSaS9Am0fje1Pa8pbGqTTsmXfaIiMpnr5DlDhfJOuLj9Sf95ZPVDAUerDfEk88MPmPe7UCQg==

path-key@^3.0.0, path-key@^3.1.0:
  version "3.1.1"
  resolved "https://registry.yarnpkg.com/path-key/-/path-key-3.1.1.tgz#581f6ade658cbba65a0d3380de7753295054f375"
  integrity sha512-ojmeN0qd+y0jszEtoY48r0Peq5dwMEkIlCOu6Q5f41lfkswXuKtYrhgoTpLnyIcHm24Uhqx+5Tqm2InSwLhE6Q==

path-type@^3.0.0:
  version "3.0.0"
  resolved "https://registry.yarnpkg.com/path-type/-/path-type-3.0.0.tgz#cef31dc8e0a1a3bb0d105c0cd97cf3bf47f4e36f"
  integrity sha512-T2ZUsdZFHgA3u4e5PfPbjd7HDDpxPnQb5jN0SrDsjNSuVXHJqtwTnWqG0B1jZrgmJ/7lj1EmVIByWt1gxGkWvg==
  dependencies:
    pify "^3.0.0"

path@^0.12.7:
  version "0.12.7"
  resolved "https://registry.yarnpkg.com/path/-/path-0.12.7.tgz#d4dc2a506c4ce2197eb481ebfcd5b36c0140b10f"
  integrity sha512-aXXC6s+1w7otVF9UletFkFcDsJeO7lSZBPUQhtb5O0xJe8LtYhj/GxldoL09bBj9+ZmE2hNoHqQSFMN5fikh4Q==
  dependencies:
    process "^0.11.1"
    util "^0.10.3"

pify@^2.3.0:
  version "2.3.0"
  resolved "https://registry.yarnpkg.com/pify/-/pify-2.3.0.tgz#ed141a6ac043a849ea588498e7dca8b15330e90c"
  integrity sha512-udgsAY+fTnvv7kI7aaxbqwWNb0AHiB0qBO89PZKPkoTmGOgdbrHDKD+0B2X4uTfJ/FT1R09r9gTsjUjNJotuog==

pify@^3.0.0:
  version "3.0.0"
  resolved "https://registry.yarnpkg.com/pify/-/pify-3.0.0.tgz#e5a4acd2c101fdf3d9a4d07f0dbc4db49dd28176"
  integrity sha512-C3FsVNH1udSEX48gGX1xfvwTWfsYWj5U+8/uK15BGzIGrKoUpghX8hWZwa/OFnakBiiVNmBvemTJR5mcy7iPcg==

pinkie-promise@^2.0.1:
  version "2.0.1"
  resolved "https://registry.yarnpkg.com/pinkie-promise/-/pinkie-promise-2.0.1.tgz#2135d6dfa7a358c069ac9b178776288228450ffa"
  integrity sha512-0Gni6D4UcLTbv9c57DfxDGdr41XfgUjqWZu492f0cIGr16zDU06BWP/RAEvOuo7CQ0CNjHaLlM59YJJFm3NWlw==
  dependencies:
    pinkie "^2.0.0"

pinkie@^2.0.0:
  version "2.0.4"
  resolved "https://registry.yarnpkg.com/pinkie/-/pinkie-2.0.4.tgz#72556b80cfa0d48a974e80e77248e80ed4f7f870"
  integrity sha512-MnUuEycAemtSaeFSjXKW/aroV7akBbY+Sv+RkyqFjgAe73F+MR0TBWKBRDkmfWq/HiFmdavfZ1G7h4SPZXaCSg==

process@^0.11.1, process@^0.11.10:
  version "0.11.10"
  resolved "https://registry.yarnpkg.com/process/-/process-0.11.10.tgz#7332300e840161bda3e69a1d1d91a7d4bc16f182"
  integrity sha512-cdGef/drWFoydD1JsMzuFf8100nZl+GT+yacc2bEced5f9Rjk4z+WtFUTBu9PhOi9j/jfmBPu0mMEY4wIdAF8A==

pump@^3.0.0:
  version "3.0.0"
  resolved "https://registry.yarnpkg.com/pump/-/pump-3.0.0.tgz#b4a2116815bde2f4e1ea602354e8c75565107a64"
  integrity sha512-LwZy+p3SFs1Pytd/jYct4wpv49HiYCqd9Rlc5ZVdk0V+8Yzv6jR5Blk3TRmPL1ft69TxP0IMZGJ+WPFU2BFhww==
  dependencies:
    end-of-stream "^1.1.0"
    once "^1.3.1"

shebang-command@^2.0.0:
  version "2.0.0"
  resolved "https://registry.yarnpkg.com/shebang-command/-/shebang-command-2.0.0.tgz#ccd0af4f8835fbdc265b82461aaf0c36663f34ea"
  integrity sha512-kHxr2zZpYtdmrN1qDjrrX/Z1rR1kG8Dx+gkpK1G4eXmvXswmcE1hTWBWYUzlraYw1/yZp6YuDY77YtvbN0dmDA==
  dependencies:
    shebang-regex "^3.0.0"

shebang-regex@^3.0.0:
  version "3.0.0"
  resolved "https://registry.yarnpkg.com/shebang-regex/-/shebang-regex-3.0.0.tgz#ae16f1644d873ecad843b0307b143362d4c42172"
  integrity sha512-7++dFhtcx3353uBaq8DDR4NuxBetBzC7ZQOhmTQInHEd6bSrXdiEyzCvG07Z44UYdLShWUyXt5M/yhz8ekcb1A==

signal-exit@^3.0.2, signal-exit@^3.0.3:
  version "3.0.7"
  resolved "https://registry.yarnpkg.com/signal-exit/-/signal-exit-3.0.7.tgz#a9a1767f8af84155114eaabd73f99273c8f59ad9"
  integrity sha512-wnD2ZE+l+SPC/uoS0vXeE9L1+0wuaMqKlfz9AMUo38JsyLSBWSFcHR1Rri62LZc12vLr1gb3jl7iwQhgwpAbGQ==

slash@^1.0.0:
  version "1.0.0"
  resolved "https://registry.yarnpkg.com/slash/-/slash-1.0.0.tgz#c41f2f6c39fc16d1cd17ad4b5d896114ae470d55"
  integrity sha512-3TYDR7xWt4dIqV2JauJr+EJeW356RXijHeUlO+8djJ+uBXPn8/2dpzBc8yQhh583sVvc9CvFAeQVgijsH+PNNg==

strip-final-newline@^2.0.0:
  version "2.0.0"
  resolved "https://registry.yarnpkg.com/strip-final-newline/-/strip-final-newline-2.0.0.tgz#89b852fb2fcbe936f6f4b3187afb0a12c1ab58ad"
  integrity sha512-BrpvfNAE3dcvq7ll3xVumzjKjZQ5tI1sEUIKr3Uoks0XUl45St3FlatVqef9prk4jRDzhW6WZg+3bk93y6pLjA==

trash@^8.1.0:
  version "8.1.0"
  resolved "https://registry.yarnpkg.com/trash/-/trash-8.1.0.tgz#6ad450a76953a8e47f29b737de309086cfdf34e1"
  integrity sha512-gp+zp7IDcyeLCPzsSqF/zmEykOVaga9lsdxzCmlS/bgbjdA1/SdFRYmHI2KCXrqg01Wmyl8fO6tgcb4kDijZSA==
  dependencies:
    "@sindresorhus/chunkify" "^0.2.0"
    "@stroncium/procfs" "^1.2.1"
    globby "^7.1.1"
    is-path-inside "^4.0.0"
    move-file "^3.0.0"
    p-map "^5.1.0"
    uuid "^8.3.2"
    xdg-trashdir "^3.1.0"

user-home@^2.0.0:
  version "2.0.0"
  resolved "https://registry.yarnpkg.com/user-home/-/user-home-2.0.0.tgz#9c70bfd8169bc1dcbf48604e0f04b8b49cde9e9f"
  integrity sha512-KMWqdlOcjCYdtIJpicDSFBQ8nFwS2i9sslAd6f4+CBGcU4gist2REnr2fxj2YocvJFxSF3ZOHLYLVZnUxv4BZQ==
  dependencies:
    os-homedir "^1.0.0"

util@^0.10.3:
  version "0.10.4"
  resolved "https://registry.yarnpkg.com/util/-/util-0.10.4.tgz#3aa0125bfe668a4672de58857d3ace27ecb76901"
  integrity sha512-0Pm9hTQ3se5ll1XihRic3FDIku70C+iHUdT/W926rSgHV5QgXsYbKZN8MSC3tJtSkhuROzvsQjAaFENRXr+19A==
  dependencies:
    inherits "2.0.3"

uuid@^8.3.2:
  version "8.3.2"
  resolved "https://registry.yarnpkg.com/uuid/-/uuid-8.3.2.tgz#80d5b5ced271bb9af6c445f21a1a04c606cefbe2"
  integrity sha512-+NYs2QeMWy+GWFOEm9xnn6HCDp0l7QBD7ml8zLUmJ+93Q5NF0NocErnwkTkXVFNiX3/fpC6afS8Dhb/gz7R7eg==

which@^2.0.1:
  version "2.0.2"
  resolved "https://registry.yarnpkg.com/which/-/which-2.0.2.tgz#7c6a8dd0a636a0327e10b59c9286eee93f3f51b1"
  integrity sha512-BLI3Tl1TW3Pvl70l3yq3Y64i+awpwXqsGBYWkkqMtnbXgrMD+yj7rhW0kuEDxzJaYXGjEW5ogapKNMEKNMjibA==
  dependencies:
    isexe "^2.0.0"

wrappy@1:
  version "1.0.2"
  resolved "https://registry.yarnpkg.com/wrappy/-/wrappy-1.0.2.tgz#b5243d8f3ec1aa35f1364605bc0d1036e30ab69f"
  integrity sha512-l4Sp/DRseor9wL6EvV2+TuQn63dMkPjZ/sp9XkghTEbV9KlPS1xUsZ3u7/IQO4wxtcFB4bgpQPRcR3QCvezPcQ==

xdg-basedir@^4.0.0:
  version "4.0.0"
  resolved "https://registry.yarnpkg.com/xdg-basedir/-/xdg-basedir-4.0.0.tgz#4bc8d9984403696225ef83a1573cbbcb4e79db13"
  integrity sha512-PSNhEJDejZYV7h50BohL09Er9VaIefr2LMAf3OEmpCkjOi34eYyQYAXUTjEQtZJTKcF0E2UKTh+osDLsgNim9Q==

xdg-trashdir@^3.1.0:
  version "3.1.0"
  resolved "https://registry.yarnpkg.com/xdg-trashdir/-/xdg-trashdir-3.1.0.tgz#7294262d5793eb5488c2f529fba883ec32a24ea0"
  integrity sha512-N1XQngeqMBoj9wM4ZFadVV2MymImeiFfYD+fJrNlcVcOHsJFFQe7n3b+aBoTPwARuq2HQxukfzVpQmAk1gN4sQ==
  dependencies:
    "@sindresorhus/df" "^3.1.1"
    mount-point "^3.0.0"
    user-home "^2.0.0"
    xdg-basedir "^4.0.0"

yarn@^1.22.19:
  version "1.22.19"
  resolved "https://registry.yarnpkg.com/yarn/-/yarn-1.22.19.tgz#4ba7fc5c6e704fce2066ecbfb0b0d8976fe62447"
  integrity sha512-/0V5q0WbslqnwP91tirOvldvYISzaqhClxzyUKXYxs07yUILIs5jx/k6CFe8bvKSkds5w+eiOqta39Wk3WxdcQ==
